
Microsoft Visual Studio Solution File, Format Version 12.00
# Visual Studio Version 17
VisualStudioVersion = 17.9.34723.18
MinimumVisualStudioVersion = 10.0.40219.1
Project("{FAE04EC0-301F-11D3-BF4B-00C04F79EFBC}") = "MemoryMAUI", "MemoryMAUI\MemoryMAUI.csproj", "{F1E65BD2-4040-43CC-BC8B-09DDAB8E7343}"
EndProject
Global
	GlobalSection(SolutionConfigurationPlatforms) = preSolution
		Debug|Any CPU = Debug|Any CPU
		Release|Any CPU = Release|Any CPU
	EndGlobalSection
	GlobalSection(ProjectConfigurationPlatforms) = postSolution
		{F1E65BD2-4040-43CC-BC8B-09DDAB8E7343}.Debug|Any CPU.ActiveCfg = Debug|Any CPU
		{F1E65BD2-4040-43CC-BC8B-09DDAB8E7343}.Debug|Any CPU.Build.0 = Debug|Any CPU
		{F1E65BD2-4040-43CC-BC8B-09DDAB8E7343}.Debug|Any CPU.Deploy.0 = Debug|Any CPU
		{F1E65BD2-4040-43CC-BC8B-09DDAB8E7343}.Release|Any CPU.ActiveCfg = Release|Any CPU
		{F1E65BD2-4040-43CC-BC8B-09DDAB8E7343}.Release|Any CPU.Build.0 = Release|Any CPU
		{F1E65BD2-4040-43CC-BC8B-09DDAB8E7343}.Release|Any CPU.Deploy.0 = Release|Any CPU
	EndGlobalSection
	GlobalSection(SolutionProperties) = preSolution
		HideSolutionNode = FALSE
	EndGlobalSection
	GlobalSection(ExtensibilityGlobals) = postSolution
		SolutionGuid = {D560C70F-89EB-49E1-9C3E-64A7E3F41D9C}
	EndGlobalSection
EndGlobal
